PODS:
  - NSTimer-Blocks (0.0.1)
  - ObjectMapper (3.5.1)
  - SDWebImage (5.19.7):
    - SDWebImage/Core (= 5.19.7)
  - SDWebImage/Core (5.19.7)
  - SwiftyGiphy (1.3.1):
    - NSTimer-Blocks
    - ObjectMapper (~> 3.0)
    - SDWebImage

DEPENDENCIES:
  - SwiftyGiphy (from `../SwiftyGiphy`)

SPEC REPOS:
  trunk:
    - NSTimer-Blocks
    - ObjectMapper
    - SDWebImage

EXTERNAL SOURCES:
  SwiftyGiphy:
    :path: "../SwiftyGiphy"

SPEC CHECKSUMS:
  NSTimer-Blocks: 88faf9aef5f250ead087f3f67ae642517083bf36
  ObjectMapper: 70187b8941977c62ccfb423caf6b50be405cabf0
  SDWebImage: 8a6b7b160b4d710e2a22b6900e25301075c34cb3
  SwiftyGiphy: 883f705b55461721e0791b625d7e0a87466547ec

PODFILE CHECKSUM: 01e1f77dcd63fcb622506a4e71b735dc45fc2088

COCOAPODS: 1.14.3
